
Microsoft Visual Studio Solution File, Format Version 12.00
# Visual Studio 14
VisualStudioVersion = 14.0.24720.0
MinimumVisualStudioVersion = 10.0.40219.1
Project("{8BC9CEB8-8B4A-11D0-8D11-00A0C91BC942}") = "DuiLib", "include\UIEngine\DuiLib.vcxproj", "{E106ACD7-4E53-4AEE-942B-D0DD426DB34E}"
EndProject
Project("{8BC9CEB8-8B4A-11D0-8D11-00A0C91BC942}") = "simplest_dulib", "simplest_dulib\simplest_dulib.vcxproj", "{66AA1131-6840-4D13-9C0C-F554DE7E5D46}"
EndProject
Global
	GlobalSection(SolutionConfigurationPlatforms) = preSolution
		Debug|x64 = Debug|x64
		Debug|x86 = Debug|x86
		Release|x64 = Release|x64
		Release|x86 = Release|x86
		UnicodeDebug|x64 = UnicodeDebug|x64
		UnicodeDebug|x86 = UnicodeDebug|x86
		UnicodeRelease|x64 = UnicodeRelease|x64
		UnicodeRelease|x86 = UnicodeRelease|x86
	EndGlobalSection
	GlobalSection(ProjectConfigurationPlatforms) = postSolution
		{E106ACD7-4E53-4AEE-942B-D0DD426DB34E}.Debug|x64.ActiveCfg = Debug|x64
		{E106ACD7-4E53-4AEE-942B-D0DD426DB34E}.Debug|x64.Build.0 = Debug|x64
		{E106ACD7-4E53-4AEE-942B-D0DD426DB34E}.Debug|x86.ActiveCfg = Debug|Win32
		{E106ACD7-4E53-4AEE-942B-D0DD426DB34E}.Debug|x86.Build.0 = Debug|Win32
		{E106ACD7-4E53-4AEE-942B-D0DD426DB34E}.Release|x64.ActiveCfg = Release|x64
		{E106ACD7-4E53-4AEE-942B-D0DD426DB34E}.Release|x64.Build.0 = Release|x64
		{E106ACD7-4E53-4AEE-942B-D0DD426DB34E}.Release|x86.ActiveCfg = Release|Win32
		{E106ACD7-4E53-4AEE-942B-D0DD426DB34E}.Release|x86.Build.0 = Release|Win32
		{E106ACD7-4E53-4AEE-942B-D0DD426DB34E}.UnicodeDebug|x64.ActiveCfg = UnicodeDebug|x64
		{E106ACD7-4E53-4AEE-942B-D0DD426DB34E}.UnicodeDebug|x64.Build.0 = UnicodeDebug|x64
		{E106ACD7-4E53-4AEE-942B-D0DD426DB34E}.UnicodeDebug|x86.ActiveCfg = UnicodeDebug|Win32
		{E106ACD7-4E53-4AEE-942B-D0DD426DB34E}.UnicodeDebug|x86.Build.0 = UnicodeDebug|Win32
		{E106ACD7-4E53-4AEE-942B-D0DD426DB34E}.UnicodeRelease|x64.ActiveCfg = UnicodeRelease|x64
		{E106ACD7-4E53-4AEE-942B-D0DD426DB34E}.UnicodeRelease|x64.Build.0 = UnicodeRelease|x64
		{E106ACD7-4E53-4AEE-942B-D0DD426DB34E}.UnicodeRelease|x86.ActiveCfg = UnicodeRelease|Win32
		{E106ACD7-4E53-4AEE-942B-D0DD426DB34E}.UnicodeRelease|x86.Build.0 = UnicodeRelease|Win32
		{66AA1131-6840-4D13-9C0C-F554DE7E5D46}.Debug|x64.ActiveCfg = Debug|x64
		{66AA1131-6840-4D13-9C0C-F554DE7E5D46}.Debug|x64.Build.0 = Debug|x64
		{66AA1131-6840-4D13-9C0C-F554DE7E5D46}.Debug|x86.ActiveCfg = Debug|Win32
		{66AA1131-6840-4D13-9C0C-F554DE7E5D46}.Debug|x86.Build.0 = Debug|Win32
		{66AA1131-6840-4D13-9C0C-F554DE7E5D46}.Release|x64.ActiveCfg = Release|x64
		{66AA1131-6840-4D13-9C0C-F554DE7E5D46}.Release|x64.Build.0 = Release|x64
		{66AA1131-6840-4D13-9C0C-F554DE7E5D46}.Release|x86.ActiveCfg = Release|Win32
		{66AA1131-6840-4D13-9C0C-F554DE7E5D46}.Release|x86.Build.0 = Release|Win32
		{66AA1131-6840-4D13-9C0C-F554DE7E5D46}.UnicodeDebug|x64.ActiveCfg = Debug|x64
		{66AA1131-6840-4D13-9C0C-F554DE7E5D46}.UnicodeDebug|x64.Build.0 = Debug|x64
		{66AA1131-6840-4D13-9C0C-F554DE7E5D46}.UnicodeDebug|x86.ActiveCfg = Debug|Win32
		{66AA1131-6840-4D13-9C0C-F554DE7E5D46}.UnicodeDebug|x86.Build.0 = Debug|Win32
		{66AA1131-6840-4D13-9C0C-F554DE7E5D46}.UnicodeRelease|x64.ActiveCfg = Release|x64
		{66AA1131-6840-4D13-9C0C-F554DE7E5D46}.UnicodeRelease|x64.Build.0 = Release|x64
		{66AA1131-6840-4D13-9C0C-F554DE7E5D46}.UnicodeRelease|x86.ActiveCfg = Release|Win32
		{66AA1131-6840-4D13-9C0C-F554DE7E5D46}.UnicodeRelease|x86.Build.0 = Release|Win32
	EndGlobalSection
	GlobalSection(SolutionProperties) = preSolution
		HideSolutionNode = FALSE
	EndGlobalSection
EndGlobal
